{
  "version": 4,
  "terraform_version": "1.14.0",
  "serial": 6,
  "lineage": "917776cd-a216-221e-22c7-d3e64cfba86c",
  "outputs": {
    "url": {
      "value": "git@github.com:tarunramireddy/terraform-practice.git",
      "type": "string"
    }
  },
  "resources": [
    {
      "mode": "managed",
      "type": "github_repository",
      "name": "create_repo",
      "provider": "provider[\"registry.terraform.io/hashicorp/github\"]",
      "instances": [
        {
          "schema_version": 1,
          "attributes": {
            "allow_auto_merge": false,
            "allow_merge_commit": true,
            "allow_rebase_merge": true,
            "allow_squash_merge": true,
            "allow_update_branch": false,
            "archive_on_destroy": null,
            "archived": false,
            "auto_init": null,
            "default_branch": "main",
            "delete_branch_on_merge": false,
            "description": "Automated repo created using Terraform",
            "etag": "W/\"13f1f9afad0723083a172e4b2e8feca5ef687fa18ec6e9c1f21a5852a1430162\"",
            "fork": false,
            "full_name": "tarunramireddy/terraform-practice",
            "git_clone_url": "git://github.com/tarunramireddy/terraform-practice.git",
            "gitignore_template": null,
            "has_discussions": false,
            "has_downloads": false,
            "has_issues": false,
            "has_projects": false,
            "has_wiki": false,
            "homepage_url": "",
            "html_url": "https://github.com/tarunramireddy/terraform-practice",
            "http_clone_url": "https://github.com/tarunramireddy/terraform-practice.git",
            "id": "terraform-practice",
            "ignore_vulnerability_alerts_during_read": null,
            "is_template": false,
            "license_template": null,
            "merge_commit_message": "PR_TITLE",
            "merge_commit_title": "MERGE_MESSAGE",
            "name": "terraform-practice",
            "node_id": "R_kgDOQfGh2A",
            "pages": [],
            "primary_language": "",
            "private": false,
            "repo_id": 1106354648,
            "security_and_analysis": [
              {
                "advanced_security": [],
                "secret_scanning": [
                  {
                    "status": "enabled"
                  }
                ],
                "secret_scanning_push_protection": [
                  {
                    "status": "enabled"
                  }
                ]
              }
            ],
            "source_owner": "",
            "source_repo": "",
            "squash_merge_commit_message": "COMMIT_MESSAGES",
            "squash_merge_commit_title": "COMMIT_OR_PR_TITLE",
            "ssh_clone_url": "git@github.com:tarunramireddy/terraform-practice.git",
            "svn_url": "https://github.com/tarunramireddy/terraform-practice",
            "template": [],
            "topics": [],
            "visibility": "public",
            "vulnerability_alerts": false,
            "web_commit_signoff_required": false
          },
          "sensitive_attributes": [],
          "identity_schema_version": 0,
          "private": "eyJzY2hlbWFfdmVyc2lvbiI6IjEifQ=="
        }
      ]
    }
  ],
  "check_results": null
}
